
Microsoft Visual Studio Solution File, Format Version 12.00
# Visual Studio Version 17
VisualStudioVersion = 17.6.33815.320
MinimumVisualStudioVersion = 10.0.40219.1
Project("{9A19103F-16F7-4668-BE54-9A1E7A4F7556}") = "BingoApp", "BingoApp\BingoApp.csproj", "{BAA8B29C-773D-4B00-AFE6-E73D89553803}"
EndProject
Project("{FAE04EC0-301F-11D3-BF4B-00C04F79EFBC}") = "SocketServer", "SocketServer\SocketServer.csproj", "{9DEF74BD-9349-48A2-A732-A768A8B82367}"
EndProject
Project("{FAE04EC0-301F-11D3-BF4B-00C04F79EFBC}") = "SocketClient", "SocketClient\SocketClient.csproj", "{0915E462-949F-4B50-B634-A942F8421EE0}"
EndProject
Project("{FAE04EC0-301F-11D3-BF4B-00C04F79EFBC}") = "AppUpdater", "AppUpdater\AppUpdater.csproj", "{DBCCAFF4-D768-43BB-BC41-23075D1512C7}"
EndProject
Project("{FAE04EC0-301F-11D3-BF4B-00C04F79EFBC}") = "LocalWebServerTest", "LocalWebServerTest\LocalWebServerTest.csproj", "{DD1F36CA-CBD4-4036-A2BC-A468749281F0}"
EndProject
Project("{FAE04EC0-301F-11D3-BF4B-00C04F79EFBC}") = "ConsoleWebServer", "ConsoleWebServer\ConsoleWebServer.csproj", "{34FE8E35-CA00-40CB-8DD5-03F5CF7869EE}"
EndProject
Project("{2150E333-8FDC-42A3-9474-1A3956D46DE8}") = "WebServer", "WebServer", "{02EA681E-C7D8-13C7-8484-4AC65E1B71E8}"
EndProject
Project("{2150E333-8FDC-42A3-9474-1A3956D46DE8}") = "Bingo", "Bingo", "{BBC3AC6F-8AF0-43E1-8D97-3BA44368245D}"
EndProject
Project("{2150E333-8FDC-42A3-9474-1A3956D46DE8}") = "Misc", "Misc", "{3A6F2929-F140-430C-B637-3A70FAA0400A}"
EndProject
Project("{2150E333-8FDC-42A3-9474-1A3956D46DE8}") = "Huntpoint", "Huntpoint", "{FCE87BA3-60A3-40DE-9E4C-686C5C273BFA}"
EndProject
Project("{FAE04EC0-301F-11D3-BF4B-00C04F79EFBC}") = "HuntpointApp", "HuntpointApp\HuntpointApp.csproj", "{3BD375DB-F25C-4324-82BE-E964E037AC6D}"
EndProject
Project("{FAE04EC0-301F-11D3-BF4B-00C04F79EFBC}") = "AppUpdaterHuntpoint", "AppUpdaterHuntpoint\AppUpdaterHuntpoint.csproj", "{13DA4BB8-5D3B-A9A5-156C-5FDF44D4E9B4}"
EndProject
Project("{FAE04EC0-301F-11D3-BF4B-00C04F79EFBC}") = "NightreignPatternsParser", "NightreignPatternsParser\NightreignPatternsParser.csproj", "{D9EFAED0-BB88-427B-B031-A299E1210775}"
EndProject
Project("{FAE04EC0-301F-11D3-BF4B-00C04F79EFBC}") = "UpdatePatchCreator", "UpdatePatchCreator\UpdatePatchCreator.csproj", "{4B7EBB05-3042-4F00-87ED-3F2238740646}"
EndProject
Project("{FAE04EC0-301F-11D3-BF4B-00C04F79EFBC}") = "WheelTest", "WheelTest\WheelTest.csproj", "{3094CDC5-AA38-4614-A668-004001936933}"
EndProject
Project("{2150E333-8FDC-42A3-9474-1A3956D46DE8}") = "Wheel", "Wheel", "{07C20CD6-14D9-40BF-AE17-4F1D008BBA57}"
EndProject
Project("{FAE04EC0-301F-11D3-BF4B-00C04F79EFBC}") = "WheelGame", "WheelGame\WheelGame.csproj", "{C3D5F35F-AD7E-424E-858C-E6D6D7C7C560}"
EndProject
Project("{FAE04EC0-301F-11D3-BF4B-00C04F79EFBC}") = "GameItemTracker", "..\GameItemTracker\GameItemTracker\GameItemTracker.csproj", "{3C5DA805-2BDB-AC2C-615C-A2BBA879A884}"
EndProject
Project("{2150E333-8FDC-42A3-9474-1A3956D46DE8}") = "GIT", "GIT", "{9FF6F4A8-D3C0-480D-9428-21B1BAE0AAE3}"
EndProject
Project("{FAE04EC0-301F-11D3-BF4B-00C04F79EFBC}") = "SekiroIGTReader", "SekiroIGTReader\SekiroIGTReader.csproj", "{F6B82405-A2A0-42E3-A464-34E63A60F3F4}"
EndProject
Project("{8BC9CEB8-8B4A-11D0-8D11-00A0C91BC942}") = "SekiroHelper", "..\SekiroHelper\SekiroHelper\SekiroHelper.vcxproj", "{894BC472-D211-4328-8F21-1DDB80CB8A43}"
EndProject
Global
	GlobalSection(SolutionConfigurationPlatforms) = preSolution
		Debug|Any CPU = Debug|Any CPU
		Debug|x64 = Debug|x64
		Debug|x86 = Debug|x86
		Release|Any CPU = Release|Any CPU
		Release|x64 = Release|x64
		Release|x86 = Release|x86
	EndGlobalSection
	GlobalSection(ProjectConfigurationPlatforms) = postSolution
		{BAA8B29C-773D-4B00-AFE6-E73D89553803}.Debug|Any CPU.ActiveCfg = Debug|Any CPU
		{BAA8B29C-773D-4B00-AFE6-E73D89553803}.Debug|Any CPU.Build.0 = Debug|Any CPU
		{BAA8B29C-773D-4B00-AFE6-E73D89553803}.Debug|x64.ActiveCfg = Debug|Any CPU
		{BAA8B29C-773D-4B00-AFE6-E73D89553803}.Debug|x64.Build.0 = Debug|Any CPU
		{BAA8B29C-773D-4B00-AFE6-E73D89553803}.Debug|x86.ActiveCfg = Debug|Any CPU
		{BAA8B29C-773D-4B00-AFE6-E73D89553803}.Debug|x86.Build.0 = Debug|Any CPU
		{BAA8B29C-773D-4B00-AFE6-E73D89553803}.Release|Any CPU.ActiveCfg = Release|Any CPU
		{BAA8B29C-773D-4B00-AFE6-E73D89553803}.Release|Any CPU.Build.0 = Release|Any CPU
		{BAA8B29C-773D-4B00-AFE6-E73D89553803}.Release|x64.ActiveCfg = Release|Any CPU
		{BAA8B29C-773D-4B00-AFE6-E73D89553803}.Release|x64.Build.0 = Release|Any CPU
		{BAA8B29C-773D-4B00-AFE6-E73D89553803}.Release|x86.ActiveCfg = Release|Any CPU
		{BAA8B29C-773D-4B00-AFE6-E73D89553803}.Release|x86.Build.0 = Release|Any CPU
		{9DEF74BD-9349-48A2-A732-A768A8B82367}.Debug|Any CPU.ActiveCfg = Debug|Any CPU
		{9DEF74BD-9349-48A2-A732-A768A8B82367}.Debug|Any CPU.Build.0 = Debug|Any CPU
		{9DEF74BD-9349-48A2-A732-A768A8B82367}.Debug|x64.ActiveCfg = Debug|Any CPU
		{9DEF74BD-9349-48A2-A732-A768A8B82367}.Debug|x64.Build.0 = Debug|Any CPU
		{9DEF74BD-9349-48A2-A732-A768A8B82367}.Debug|x86.ActiveCfg = Debug|Any CPU
		{9DEF74BD-9349-48A2-A732-A768A8B82367}.Debug|x86.Build.0 = Debug|Any CPU
		{9DEF74BD-9349-48A2-A732-A768A8B82367}.Release|Any CPU.ActiveCfg = Release|Any CPU
		{9DEF74BD-9349-48A2-A732-A768A8B82367}.Release|Any CPU.Build.0 = Release|Any CPU
		{9DEF74BD-9349-48A2-A732-A768A8B82367}.Release|x64.ActiveCfg = Release|Any CPU
		{9DEF74BD-9349-48A2-A732-A768A8B82367}.Release|x64.Build.0 = Release|Any CPU
		{9DEF74BD-9349-48A2-A732-A768A8B82367}.Release|x86.ActiveCfg = Release|Any CPU
		{9DEF74BD-9349-48A2-A732-A768A8B82367}.Release|x86.Build.0 = Release|Any CPU
		{0915E462-949F-4B50-B634-A942F8421EE0}.Debug|Any CPU.ActiveCfg = Debug|Any CPU
		{0915E462-949F-4B50-B634-A942F8421EE0}.Debug|Any CPU.Build.0 = Debug|Any CPU
		{0915E462-949F-4B50-B634-A942F8421EE0}.Debug|x64.ActiveCfg = Debug|Any CPU
		{0915E462-949F-4B50-B634-A942F8421EE0}.Debug|x64.Build.0 = Debug|Any CPU
		{0915E462-949F-4B50-B634-A942F8421EE0}.Debug|x86.ActiveCfg = Debug|Any CPU
		{0915E462-949F-4B50-B634-A942F8421EE0}.Debug|x86.Build.0 = Debug|Any CPU
		{0915E462-949F-4B50-B634-A942F8421EE0}.Release|Any CPU.ActiveCfg = Release|Any CPU
		{0915E462-949F-4B50-B634-A942F8421EE0}.Release|Any CPU.Build.0 = Release|Any CPU
		{0915E462-949F-4B50-B634-A942F8421EE0}.Release|x64.ActiveCfg = Release|Any CPU
		{0915E462-949F-4B50-B634-A942F8421EE0}.Release|x64.Build.0 = Release|Any CPU
		{0915E462-949F-4B50-B634-A942F8421EE0}.Release|x86.ActiveCfg = Release|Any CPU
		{0915E462-949F-4B50-B634-A942F8421EE0}.Release|x86.Build.0 = Release|Any CPU
		{DBCCAFF4-D768-43BB-BC41-23075D1512C7}.Debug|Any CPU.ActiveCfg = Debug|Any CPU
		{DBCCAFF4-D768-43BB-BC41-23075D1512C7}.Debug|Any CPU.Build.0 = Debug|Any CPU
		{DBCCAFF4-D768-43BB-BC41-23075D1512C7}.Debug|x64.ActiveCfg = Debug|Any CPU
		{DBCCAFF4-D768-43BB-BC41-23075D1512C7}.Debug|x64.Build.0 = Debug|Any CPU
		{DBCCAFF4-D768-43BB-BC41-23075D1512C7}.Debug|x86.ActiveCfg = Debug|Any CPU
		{DBCCAFF4-D768-43BB-BC41-23075D1512C7}.Debug|x86.Build.0 = Debug|Any CPU
		{DBCCAFF4-D768-43BB-BC41-23075D1512C7}.Release|Any CPU.ActiveCfg = Release|Any CPU
		{DBCCAFF4-D768-43BB-BC41-23075D1512C7}.Release|Any CPU.Build.0 = Release|Any CPU
		{DBCCAFF4-D768-43BB-BC41-23075D1512C7}.Release|x64.ActiveCfg = Release|Any CPU
		{DBCCAFF4-D768-43BB-BC41-23075D1512C7}.Release|x64.Build.0 = Release|Any CPU
		{DBCCAFF4-D768-43BB-BC41-23075D1512C7}.Release|x86.ActiveCfg = Release|Any CPU
		{DBCCAFF4-D768-43BB-BC41-23075D1512C7}.Release|x86.Build.0 = Release|Any CPU
		{DD1F36CA-CBD4-4036-A2BC-A468749281F0}.Debug|Any CPU.ActiveCfg = Debug|Any CPU
		{DD1F36CA-CBD4-4036-A2BC-A468749281F0}.Debug|Any CPU.Build.0 = Debug|Any CPU
		{DD1F36CA-CBD4-4036-A2BC-A468749281F0}.Debug|x64.ActiveCfg = Debug|Any CPU
		{DD1F36CA-CBD4-4036-A2BC-A468749281F0}.Debug|x64.Build.0 = Debug|Any CPU
		{DD1F36CA-CBD4-4036-A2BC-A468749281F0}.Debug|x86.ActiveCfg = Debug|Any CPU
		{DD1F36CA-CBD4-4036-A2BC-A468749281F0}.Debug|x86.Build.0 = Debug|Any CPU
		{DD1F36CA-CBD4-4036-A2BC-A468749281F0}.Release|Any CPU.ActiveCfg = Release|Any CPU
		{DD1F36CA-CBD4-4036-A2BC-A468749281F0}.Release|Any CPU.Build.0 = Release|Any CPU
		{DD1F36CA-CBD4-4036-A2BC-A468749281F0}.Release|x64.ActiveCfg = Release|Any CPU
		{DD1F36CA-CBD4-4036-A2BC-A468749281F0}.Release|x64.Build.0 = Release|Any CPU
		{DD1F36CA-CBD4-4036-A2BC-A468749281F0}.Release|x86.ActiveCfg = Release|Any CPU
		{DD1F36CA-CBD4-4036-A2BC-A468749281F0}.Release|x86.Build.0 = Release|Any CPU
		{34FE8E35-CA00-40CB-8DD5-03F5CF7869EE}.Debug|Any CPU.ActiveCfg = Debug|Any CPU
		{34FE8E35-CA00-40CB-8DD5-03F5CF7869EE}.Debug|Any CPU.Build.0 = Debug|Any CPU
		{34FE8E35-CA00-40CB-8DD5-03F5CF7869EE}.Debug|x64.ActiveCfg = Debug|Any CPU
		{34FE8E35-CA00-40CB-8DD5-03F5CF7869EE}.Debug|x64.Build.0 = Debug|Any CPU
		{34FE8E35-CA00-40CB-8DD5-03F5CF7869EE}.Debug|x86.ActiveCfg = Debug|Any CPU
		{34FE8E35-CA00-40CB-8DD5-03F5CF7869EE}.Debug|x86.Build.0 = Debug|Any CPU
		{34FE8E35-CA00-40CB-8DD5-03F5CF7869EE}.Release|Any CPU.ActiveCfg = Release|Any CPU
		{34FE8E35-CA00-40CB-8DD5-03F5CF7869EE}.Release|Any CPU.Build.0 = Release|Any CPU
		{34FE8E35-CA00-40CB-8DD5-03F5CF7869EE}.Release|x64.ActiveCfg = Release|Any CPU
		{34FE8E35-CA00-40CB-8DD5-03F5CF7869EE}.Release|x64.Build.0 = Release|Any CPU
		{34FE8E35-CA00-40CB-8DD5-03F5CF7869EE}.Release|x86.ActiveCfg = Release|Any CPU
		{34FE8E35-CA00-40CB-8DD5-03F5CF7869EE}.Release|x86.Build.0 = Release|Any CPU
		{3BD375DB-F25C-4324-82BE-E964E037AC6D}.Debug|Any CPU.ActiveCfg = Debug|Any CPU
		{3BD375DB-F25C-4324-82BE-E964E037AC6D}.Debug|Any CPU.Build.0 = Debug|Any CPU
		{3BD375DB-F25C-4324-82BE-E964E037AC6D}.Debug|x64.ActiveCfg = Debug|Any CPU
		{3BD375DB-F25C-4324-82BE-E964E037AC6D}.Debug|x64.Build.0 = Debug|Any CPU
		{3BD375DB-F25C-4324-82BE-E964E037AC6D}.Debug|x86.ActiveCfg = Debug|Any CPU
		{3BD375DB-F25C-4324-82BE-E964E037AC6D}.Debug|x86.Build.0 = Debug|Any CPU
		{3BD375DB-F25C-4324-82BE-E964E037AC6D}.Release|Any CPU.ActiveCfg = Release|Any CPU
		{3BD375DB-F25C-4324-82BE-E964E037AC6D}.Release|Any CPU.Build.0 = Release|Any CPU
		{3BD375DB-F25C-4324-82BE-E964E037AC6D}.Release|x64.ActiveCfg = Release|Any CPU
		{3BD375DB-F25C-4324-82BE-E964E037AC6D}.Release|x64.Build.0 = Release|Any CPU
		{3BD375DB-F25C-4324-82BE-E964E037AC6D}.Release|x86.ActiveCfg = Release|Any CPU
		{3BD375DB-F25C-4324-82BE-E964E037AC6D}.Release|x86.Build.0 = Release|Any CPU
		{13DA4BB8-5D3B-A9A5-156C-5FDF44D4E9B4}.Debug|Any CPU.ActiveCfg = Debug|Any CPU
		{13DA4BB8-5D3B-A9A5-156C-5FDF44D4E9B4}.Debug|Any CPU.Build.0 = Debug|Any CPU
		{13DA4BB8-5D3B-A9A5-156C-5FDF44D4E9B4}.Debug|x64.ActiveCfg = Debug|Any CPU
		{13DA4BB8-5D3B-A9A5-156C-5FDF44D4E9B4}.Debug|x64.Build.0 = Debug|Any CPU
		{13DA4BB8-5D3B-A9A5-156C-5FDF44D4E9B4}.Debug|x86.ActiveCfg = Debug|Any CPU
		{13DA4BB8-5D3B-A9A5-156C-5FDF44D4E9B4}.Debug|x86.Build.0 = Debug|Any CPU
		{13DA4BB8-5D3B-A9A5-156C-5FDF44D4E9B4}.Release|Any CPU.ActiveCfg = Release|Any CPU
		{13DA4BB8-5D3B-A9A5-156C-5FDF44D4E9B4}.Release|Any CPU.Build.0 = Release|Any CPU
		{13DA4BB8-5D3B-A9A5-156C-5FDF44D4E9B4}.Release|x64.ActiveCfg = Release|Any CPU
		{13DA4BB8-5D3B-A9A5-156C-5FDF44D4E9B4}.Release|x64.Build.0 = Release|Any CPU
		{13DA4BB8-5D3B-A9A5-156C-5FDF44D4E9B4}.Release|x86.ActiveCfg = Release|Any CPU
		{13DA4BB8-5D3B-A9A5-156C-5FDF44D4E9B4}.Release|x86.Build.0 = Release|Any CPU
		{D9EFAED0-BB88-427B-B031-A299E1210775}.Debug|Any CPU.ActiveCfg = Debug|Any CPU
		{D9EFAED0-BB88-427B-B031-A299E1210775}.Debug|Any CPU.Build.0 = Debug|Any CPU
		{D9EFAED0-BB88-427B-B031-A299E1210775}.Debug|x64.ActiveCfg = Debug|Any CPU
		{D9EFAED0-BB88-427B-B031-A299E1210775}.Debug|x64.Build.0 = Debug|Any CPU
		{D9EFAED0-BB88-427B-B031-A299E1210775}.Debug|x86.ActiveCfg = Debug|Any CPU
		{D9EFAED0-BB88-427B-B031-A299E1210775}.Debug|x86.Build.0 = Debug|Any CPU
		{D9EFAED0-BB88-427B-B031-A299E1210775}.Release|Any CPU.ActiveCfg = Release|Any CPU
		{D9EFAED0-BB88-427B-B031-A299E1210775}.Release|Any CPU.Build.0 = Release|Any CPU
		{D9EFAED0-BB88-427B-B031-A299E1210775}.Release|x64.ActiveCfg = Release|Any CPU
		{D9EFAED0-BB88-427B-B031-A299E1210775}.Release|x64.Build.0 = Release|Any CPU
		{D9EFAED0-BB88-427B-B031-A299E1210775}.Release|x86.ActiveCfg = Release|Any CPU
		{D9EFAED0-BB88-427B-B031-A299E1210775}.Release|x86.Build.0 = Release|Any CPU
		{4B7EBB05-3042-4F00-87ED-3F2238740646}.Debug|Any CPU.ActiveCfg = Debug|Any CPU
		{4B7EBB05-3042-4F00-87ED-3F2238740646}.Debug|Any CPU.Build.0 = Debug|Any CPU
		{4B7EBB05-3042-4F00-87ED-3F2238740646}.Debug|x64.ActiveCfg = Debug|Any CPU
		{4B7EBB05-3042-4F00-87ED-3F2238740646}.Debug|x64.Build.0 = Debug|Any CPU
		{4B7EBB05-3042-4F00-87ED-3F2238740646}.Debug|x86.ActiveCfg = Debug|Any CPU
		{4B7EBB05-3042-4F00-87ED-3F2238740646}.Debug|x86.Build.0 = Debug|Any CPU
		{4B7EBB05-3042-4F00-87ED-3F2238740646}.Release|Any CPU.ActiveCfg = Release|Any CPU
		{4B7EBB05-3042-4F00-87ED-3F2238740646}.Release|Any CPU.Build.0 = Release|Any CPU
		{4B7EBB05-3042-4F00-87ED-3F2238740646}.Release|x64.ActiveCfg = Release|Any CPU
		{4B7EBB05-3042-4F00-87ED-3F2238740646}.Release|x64.Build.0 = Release|Any CPU
		{4B7EBB05-3042-4F00-87ED-3F2238740646}.Release|x86.ActiveCfg = Release|Any CPU
		{4B7EBB05-3042-4F00-87ED-3F2238740646}.Release|x86.Build.0 = Release|Any CPU
		{3094CDC5-AA38-4614-A668-004001936933}.Debug|Any CPU.ActiveCfg = Debug|Any CPU
		{3094CDC5-AA38-4614-A668-004001936933}.Debug|Any CPU.Build.0 = Debug|Any CPU
		{3094CDC5-AA38-4614-A668-004001936933}.Debug|x64.ActiveCfg = Debug|Any CPU
		{3094CDC5-AA38-4614-A668-004001936933}.Debug|x64.Build.0 = Debug|Any CPU
		{3094CDC5-AA38-4614-A668-004001936933}.Debug|x86.ActiveCfg = Debug|Any CPU
		{3094CDC5-AA38-4614-A668-004001936933}.Debug|x86.Build.0 = Debug|Any CPU
		{3094CDC5-AA38-4614-A668-004001936933}.Release|Any CPU.ActiveCfg = Release|Any CPU
		{3094CDC5-AA38-4614-A668-004001936933}.Release|Any CPU.Build.0 = Release|Any CPU
		{3094CDC5-AA38-4614-A668-004001936933}.Release|x64.ActiveCfg = Release|Any CPU
		{3094CDC5-AA38-4614-A668-004001936933}.Release|x64.Build.0 = Release|Any CPU
		{3094CDC5-AA38-4614-A668-004001936933}.Release|x86.ActiveCfg = Release|Any CPU
		{3094CDC5-AA38-4614-A668-004001936933}.Release|x86.Build.0 = Release|Any CPU
		{C3D5F35F-AD7E-424E-858C-E6D6D7C7C560}.Debug|Any CPU.ActiveCfg = Debug|Any CPU
		{C3D5F35F-AD7E-424E-858C-E6D6D7C7C560}.Debug|Any CPU.Build.0 = Debug|Any CPU
		{C3D5F35F-AD7E-424E-858C-E6D6D7C7C560}.Debug|x64.ActiveCfg = Debug|Any CPU
		{C3D5F35F-AD7E-424E-858C-E6D6D7C7C560}.Debug|x64.Build.0 = Debug|Any CPU
		{C3D5F35F-AD7E-424E-858C-E6D6D7C7C560}.Debug|x86.ActiveCfg = Debug|Any CPU
		{C3D5F35F-AD7E-424E-858C-E6D6D7C7C560}.Debug|x86.Build.0 = Debug|Any CPU
		{C3D5F35F-AD7E-424E-858C-E6D6D7C7C560}.Release|Any CPU.ActiveCfg = Release|Any CPU
		{C3D5F35F-AD7E-424E-858C-E6D6D7C7C560}.Release|Any CPU.Build.0 = Release|Any CPU
		{C3D5F35F-AD7E-424E-858C-E6D6D7C7C560}.Release|x64.ActiveCfg = Release|Any CPU
		{C3D5F35F-AD7E-424E-858C-E6D6D7C7C560}.Release|x64.Build.0 = Release|Any CPU
		{C3D5F35F-AD7E-424E-858C-E6D6D7C7C560}.Release|x86.ActiveCfg = Release|Any CPU
		{C3D5F35F-AD7E-424E-858C-E6D6D7C7C560}.Release|x86.Build.0 = Release|Any CPU
		{3C5DA805-2BDB-AC2C-615C-A2BBA879A884}.Debug|Any CPU.ActiveCfg = Debug|Any CPU
		{3C5DA805-2BDB-AC2C-615C-A2BBA879A884}.Debug|Any CPU.Build.0 = Debug|Any CPU
		{3C5DA805-2BDB-AC2C-615C-A2BBA879A884}.Debug|x64.ActiveCfg = Debug|Any CPU
		{3C5DA805-2BDB-AC2C-615C-A2BBA879A884}.Debug|x64.Build.0 = Debug|Any CPU
		{3C5DA805-2BDB-AC2C-615C-A2BBA879A884}.Debug|x86.ActiveCfg = Debug|Any CPU
		{3C5DA805-2BDB-AC2C-615C-A2BBA879A884}.Debug|x86.Build.0 = Debug|Any CPU
		{3C5DA805-2BDB-AC2C-615C-A2BBA879A884}.Release|Any CPU.ActiveCfg = Release|Any CPU
		{3C5DA805-2BDB-AC2C-615C-A2BBA879A884}.Release|Any CPU.Build.0 = Release|Any CPU
		{3C5DA805-2BDB-AC2C-615C-A2BBA879A884}.Release|x64.ActiveCfg = Release|Any CPU
		{3C5DA805-2BDB-AC2C-615C-A2BBA879A884}.Release|x64.Build.0 = Release|Any CPU
		{3C5DA805-2BDB-AC2C-615C-A2BBA879A884}.Release|x86.ActiveCfg = Release|Any CPU
		{3C5DA805-2BDB-AC2C-615C-A2BBA879A884}.Release|x86.Build.0 = Release|Any CPU
		{F6B82405-A2A0-42E3-A464-34E63A60F3F4}.Debug|Any CPU.ActiveCfg = Debug|Any CPU
		{F6B82405-A2A0-42E3-A464-34E63A60F3F4}.Debug|Any CPU.Build.0 = Debug|Any CPU
		{F6B82405-A2A0-42E3-A464-34E63A60F3F4}.Debug|x64.ActiveCfg = Debug|Any CPU
		{F6B82405-A2A0-42E3-A464-34E63A60F3F4}.Debug|x64.Build.0 = Debug|Any CPU
		{F6B82405-A2A0-42E3-A464-34E63A60F3F4}.Debug|x86.ActiveCfg = Debug|Any CPU
		{F6B82405-A2A0-42E3-A464-34E63A60F3F4}.Debug|x86.Build.0 = Debug|Any CPU
		{F6B82405-A2A0-42E3-A464-34E63A60F3F4}.Release|Any CPU.ActiveCfg = Release|Any CPU
		{F6B82405-A2A0-42E3-A464-34E63A60F3F4}.Release|Any CPU.Build.0 = Release|Any CPU
		{F6B82405-A2A0-42E3-A464-34E63A60F3F4}.Release|x64.ActiveCfg = Release|Any CPU
		{F6B82405-A2A0-42E3-A464-34E63A60F3F4}.Release|x64.Build.0 = Release|Any CPU
		{F6B82405-A2A0-42E3-A464-34E63A60F3F4}.Release|x86.ActiveCfg = Release|Any CPU
		{F6B82405-A2A0-42E3-A464-34E63A60F3F4}.Release|x86.Build.0 = Release|Any CPU
		{894BC472-D211-4328-8F21-1DDB80CB8A43}.Debug|Any CPU.ActiveCfg = Debug|x64
		{894BC472-D211-4328-8F21-1DDB80CB8A43}.Debug|Any CPU.Build.0 = Debug|x64
		{894BC472-D211-4328-8F21-1DDB80CB8A43}.Debug|x64.ActiveCfg = Debug|x64
		{894BC472-D211-4328-8F21-1DDB80CB8A43}.Debug|x64.Build.0 = Debug|x64
		{894BC472-D211-4328-8F21-1DDB80CB8A43}.Debug|x86.ActiveCfg = Debug|Win32
		{894BC472-D211-4328-8F21-1DDB80CB8A43}.Debug|x86.Build.0 = Debug|Win32
		{894BC472-D211-4328-8F21-1DDB80CB8A43}.Release|Any CPU.ActiveCfg = Release|x64
		{894BC472-D211-4328-8F21-1DDB80CB8A43}.Release|Any CPU.Build.0 = Release|x64
		{894BC472-D211-4328-8F21-1DDB80CB8A43}.Release|x64.ActiveCfg = Release|x64
		{894BC472-D211-4328-8F21-1DDB80CB8A43}.Release|x64.Build.0 = Release|x64
		{894BC472-D211-4328-8F21-1DDB80CB8A43}.Release|x86.ActiveCfg = Release|Win32
		{894BC472-D211-4328-8F21-1DDB80CB8A43}.Release|x86.Build.0 = Release|Win32
	EndGlobalSection
	GlobalSection(SolutionProperties) = preSolution
		HideSolutionNode = FALSE
	EndGlobalSection
	GlobalSection(NestedProjects) = preSolution
		{BAA8B29C-773D-4B00-AFE6-E73D89553803} = {BBC3AC6F-8AF0-43E1-8D97-3BA44368245D}
		{9DEF74BD-9349-48A2-A732-A768A8B82367} = {02EA681E-C7D8-13C7-8484-4AC65E1B71E8}
		{0915E462-949F-4B50-B634-A942F8421EE0} = {3A6F2929-F140-430C-B637-3A70FAA0400A}
		{DBCCAFF4-D768-43BB-BC41-23075D1512C7} = {BBC3AC6F-8AF0-43E1-8D97-3BA44368245D}
		{DD1F36CA-CBD4-4036-A2BC-A468749281F0} = {3A6F2929-F140-430C-B637-3A70FAA0400A}
		{34FE8E35-CA00-40CB-8DD5-03F5CF7869EE} = {3A6F2929-F140-430C-B637-3A70FAA0400A}
		{3BD375DB-F25C-4324-82BE-E964E037AC6D} = {FCE87BA3-60A3-40DE-9E4C-686C5C273BFA}
		{13DA4BB8-5D3B-A9A5-156C-5FDF44D4E9B4} = {FCE87BA3-60A3-40DE-9E4C-686C5C273BFA}
		{D9EFAED0-BB88-427B-B031-A299E1210775} = {3A6F2929-F140-430C-B637-3A70FAA0400A}
		{4B7EBB05-3042-4F00-87ED-3F2238740646} = {FCE87BA3-60A3-40DE-9E4C-686C5C273BFA}
		{3094CDC5-AA38-4614-A668-004001936933} = {3A6F2929-F140-430C-B637-3A70FAA0400A}
		{C3D5F35F-AD7E-424E-858C-E6D6D7C7C560} = {07C20CD6-14D9-40BF-AE17-4F1D008BBA57}
		{3C5DA805-2BDB-AC2C-615C-A2BBA879A884} = {9FF6F4A8-D3C0-480D-9428-21B1BAE0AAE3}
		{F6B82405-A2A0-42E3-A464-34E63A60F3F4} = {3A6F2929-F140-430C-B637-3A70FAA0400A}
		{894BC472-D211-4328-8F21-1DDB80CB8A43} = {3A6F2929-F140-430C-B637-3A70FAA0400A}
	EndGlobalSection
	GlobalSection(ExtensibilityGlobals) = postSolution
		SolutionGuid = {2DCD5DB1-D261-48F5-ACCD-0F0F3B5D3756}
	EndGlobalSection
EndGlobal
